
Microsoft Visual Studio Solution File, Format Version 12.00
# Visual Studio Version 17
VisualStudioVersion = 17.4.33213.308
MinimumVisualStudioVersion = 10.0.40219.1
Project("{9A19103F-16F7-4668-BE54-9A1E7A4F7556}") = "RedditTestConsole", "TestConsole2\RedditTestConsole.csproj", "{2BE530A4-75A6-4339-AD35-F391FBCA5595}"
EndProject
Project("{FAE04EC0-301F-11D3-BF4B-00C04F79EFBC}") = "SubredditLogic", "SubredditLogic\SubredditLogic.csproj", "{C86D25D6-1CD5-4F28-A2D5-0069B3C1403A}"
EndProject
Global
	GlobalSection(SolutionConfigurationPlatforms) = preSolution
		Debug|Any CPU = Debug|Any CPU
		Release|Any CPU = Release|Any CPU
	EndGlobalSection
	GlobalSection(ProjectConfigurationPlatforms) = postSolution
		{2BE530A4-75A6-4339-AD35-F391FBCA5595}.Debug|Any CPU.ActiveCfg = Debug|Any CPU
		{2BE530A4-75A6-4339-AD35-F391FBCA5595}.Debug|Any CPU.Build.0 = Debug|Any CPU
		{2BE530A4-75A6-4339-AD35-F391FBCA5595}.Release|Any CPU.ActiveCfg = Release|Any CPU
		{2BE530A4-75A6-4339-AD35-F391FBCA5595}.Release|Any CPU.Build.0 = Release|Any CPU
		{C86D25D6-1CD5-4F28-A2D5-0069B3C1403A}.Debug|Any CPU.ActiveCfg = Debug|Any CPU
		{C86D25D6-1CD5-4F28-A2D5-0069B3C1403A}.Debug|Any CPU.Build.0 = Debug|Any CPU
		{C86D25D6-1CD5-4F28-A2D5-0069B3C1403A}.Release|Any CPU.ActiveCfg = Release|Any CPU
		{C86D25D6-1CD5-4F28-A2D5-0069B3C1403A}.Release|Any CPU.Build.0 = Release|Any CPU
	EndGlobalSection
	GlobalSection(SolutionProperties) = preSolution
		HideSolutionNode = FALSE
	EndGlobalSection
	GlobalSection(ExtensibilityGlobals) = postSolution
		SolutionGuid = {9A596E73-4C49-44FD-ABA0-63D5414997AA}
	EndGlobalSection
EndGlobal
